{
  "name": "wp-access-areas",
  "version": "1.5.16",
  "lockfileVersion": 2,
  "requires": true,
  "packages": {
    "": {
      "name": "wp-access-areas",
      "version": "1.5.16",
      "hasInstallScript": true,
      "license": "GPL-2.0-or-later",
      "devDependencies": {},
      "engines": {
        "node": "12.4.0",
        "npm": "^6.9.0"
      }
    }
  }
}
